
Microsoft Visual Studio Solution File, Format Version 12.00
# Visual Studio Version 17
VisualStudioVersion = 17.5.002.0
MinimumVisualStudioVersion = 10.0.40219.1
Project("{9A19103F-16F7-4668-BE54-9A1E7A4F7556}") = "DesafioFundamentos", "DesafioFundamentos.csproj", "{593B9310-B73D-4699-886E-37A4BFBFAC76}"
EndProject
Global
	GlobalSection(SolutionConfigurationPlatforms) = preSolution
		Debug|Any CPU = Debug|Any CPU
		Release|Any CPU = Release|Any CPU
	EndGlobalSection
	GlobalSection(ProjectConfigurationPlatforms) = postSolution
		{593B9310-B73D-4699-886E-37A4BFBFAC76}.Debug|Any CPU.ActiveCfg = Debug|Any CPU
		{593B9310-B73D-4699-886E-37A4BFBFAC76}.Debug|Any CPU.Build.0 = Debug|Any CPU
		{593B9310-B73D-4699-886E-37A4BFBFAC76}.Release|Any CPU.ActiveCfg = Release|Any CPU
		{593B9310-B73D-4699-886E-37A4BFBFAC76}.Release|Any CPU.Build.0 = Release|Any CPU
	EndGlobalSection
	GlobalSection(SolutionProperties) = preSolution
		HideSolutionNode = FALSE
	EndGlobalSection
	GlobalSection(ExtensibilityGlobals) = postSolution
		SolutionGuid = {A54E50FB-1D23-4CCA-8661-5A0144BF90C1}
	EndGlobalSection
EndGlobal
